// !$*UTF8*$!
{
	archiveVersion = 1;
	classes = {
	};
	objectVersion = 46;
	objects = {

/* Begin PBXBuildFile section */
		A79B7AEC0E76174C978A05DF /* Pods_PokeFacts.framework in Frameworks */ = {isa = PBXBuildFile; fileRef = 612C154C810758222C4A2555 /* Pods_PokeFacts.framework */; };
		D53878C41E27FFB500F76275 /* pokemon.csv in Resources */ = {isa = PBXBuildFile; fileRef = D53878C31E27FFB500F76275 /* pokemon.csv */; };
		D5A2A6B71E28026100E3F230 /* Pokemon.swift in Sources */ = {isa = PBXBuildFile; fileRef = D5A2A6B61E28026100E3F230 /* Pokemon.swift */; };
		D5A2A6B91E28118400E3F230 /* PokeCell.swift in Sources */ = {isa = PBXBuildFile; fileRef = D5A2A6B81E28118400E3F230 /* PokeCell.swift */; };
		D5CB18851E27F835003FC255 /* AppDelegate.swift in Sources */ = {isa = PBXBuildFile; fileRef = D5CB18841E27F835003FC255 /* AppDelegate.swift */; };
		D5CB18871E27F835003FC255 /* MainVC.swift in Sources */ = {isa = PBXBuildFile; fileRef = D5CB18861E27F835003FC255 /* MainVC.swift */; };
		D5CB188A1E27F835003FC255 /* Main.storyboard in Resources */ = {isa = PBXBuildFile; fileRef = D5CB18881E27F835003FC255 /* Main.storyboard */; };
		D5CB188C1E27F835003FC255 /* Assets.xcassets in Resources */ = {isa = PBXBuildFile; fileRef = D5CB188B1E27F835003FC255 /* Assets.xcassets */; };
		D5CB188F1E27F835003FC255 /* LaunchScreen.storyboard in Resources */ = {isa = PBXBuildFile; fileRef = D5CB188D1E27F835003FC255 /* LaunchScreen.storyboard */; };
		D5FBC6121E2C337100D961E7 /* PokemonDetailsVC.swift in Sources */ = {isa = PBXBuildFile; fileRef = D5FBC6111E2C337100D961E7 /* PokemonDetailsVC.swift */; };
		D5FC35211E2D641600327D0A /* Constants.swift in Sources */ = {isa = PBXBuildFile; fileRef = D5FC35201E2D641600327D0A /* Constants.swift */; };
		D5FC356D1E38433800327D0A /* Displayable.swift in Sources */ = {isa = PBXBuildFile; fileRef = D5FC356C1E38433800327D0A /* Displayable.swift */; };
		D5FC356F1E3843C900327D0A /* CollectionView+Ext.swift in Sources */ = {isa = PBXBuildFile; fileRef = D5FC356E1E3843C900327D0A /* CollectionView+Ext.swift */; };
		D5FC35711E3843EE00327D0A /* MutableCollection+Ext.swift in Sources */ = {isa = PBXBuildFile; fileRef = D5FC35701E3843EE00327D0A /* MutableCollection+Ext.swift */; };
		D5FEEE721E2BF18900270091 /* csv.swift in Sources */ = {isa = PBXBuildFile; fileRef = D5FEEE711E2BF18900270091 /* csv.swift */; };
		D5FEEE781E2C0ABC00270091 /* music.png in Resources */ = {isa = PBXBuildFile; fileRef = D5FEEE771E2C0ABC00270091 /* music.png */; };
		D5FEEE7B1E2C0D4200270091 /* PokemonHollow.ttf in Resources */ = {isa = PBXBuildFile; fileRef = D5FEEE791E2C0D4200270091 /* PokemonHollow.ttf */; };
		D5FEEE7C1E2C0D4200270091 /* PokemonSolid.ttf in Resources */ = {isa = PBXBuildFile; fileRef = D5FEEE7A1E2C0D4200270091 /* PokemonSolid.ttf */; };
		D5FEEE7E1E2C114100270091 /* music.mp3 in Resources */ = {isa = PBXBuildFile; fileRef = D5FEEE7D1E2C114100270091 /* music.mp3 */; };
/* End PBXBuildFile section */

/* Begin PBXFileReference section */
		612C154C810758222C4A2555 /* Pods_PokeFacts.framework */ = {isa = PBXFileReference; explicitFileType = wrapper.framework; includeInIndex = 0; path = Pods_PokeFacts.framework; sourceTree = BUILT_PRODUCTS_DIR; };
		686F8D574E5232CDD006B7D3 /* Pods-PokeFacts.debug.xcconfig */ = {isa = PBXFileReference; includeInIndex = 1; lastKnownFileType = text.xcconfig; name = "Pods-PokeFacts.debug.xcconfig"; path = "Pods/Target Support Files/Pods-PokeFacts/Pods-PokeFacts.debug.xcconfig"; sourceTree = "<group>"; };
		70A0A2D60127D38584993792 /* Pods-PokeFacts.release.xcconfig */ = {isa = PBXFileReference; includeInIndex = 1; lastKnownFileType = text.xcconfig; name = "Pods-PokeFacts.release.xcconfig"; path = "Pods/Target Support Files/Pods-PokeFacts/Pods-PokeFacts.release.xcconfig"; sourceTree = "<group>"; };
		D53878C31E27FFB500F76275 /* pokemon.csv */ = {isa = PBXFileReference; fileEncoding = 4; lastKnownFileType = text; path = pokemon.csv; sourceTree = "<group>"; };
		D5A2A6B61E28026100E3F230 /* Pokemon.swift */ = {isa = PBXFileReference; fileEncoding = 4; lastKnownFileType = sourcecode.swift; path = Pokemon.swift; sourceTree = "<group>"; };
		D5A2A6B81E28118400E3F230 /* PokeCell.swift */ = {isa = PBXFileReference; fileEncoding = 4; lastKnownFileType = sourcecode.swift; path = PokeCell.swift; sourceTree = "<group>"; };
		D5CB18811E27F835003FC255 /* PokeFacts.app */ = {isa = PBXFileReference; explicitFileType = wrapper.application; includeInIndex = 0; path = PokeFacts.app; sourceTree = BUILT_PRODUCTS_DIR; };
		D5CB18841E27F835003FC255 /* AppDelegate.swift */ = {isa = PBXFileReference; lastKnownFileType = sourcecode.swift; path = AppDelegate.swift; sourceTree = "<group>"; };
		D5CB18861E27F835003FC255 /* MainVC.swift */ = {isa = PBXFileReference; lastKnownFileType = sourcecode.swift; path = MainVC.swift; sourceTree = "<group>"; };
		D5CB18891E27F835003FC255 /* Base */ = {isa = PBXFileReference; lastKnownFileType = file.storyboard; name = Base; path = Base.lproj/Main.storyboard; sourceTree = "<group>"; };
		D5CB188B1E27F835003FC255 /* Assets.xcassets */ = {isa = PBXFileReference; lastKnownFileType = folder.assetcatalog; path = Assets.xcassets; sourceTree = "<group>"; };
		D5CB188E1E27F835003FC255 /* Base */ = {isa = PBXFileReference; lastKnownFileType = file.storyboard; name = Base; path = Base.lproj/LaunchScreen.storyboard; sourceTree = "<group>"; };
		D5CB18901E27F835003FC255 /* Info.plist */ = {isa = PBXFileReference; lastKnownFileType = text.plist.xml; path = Info.plist; sourceTree = "<group>"; };
		D5FBC6111E2C337100D961E7 /* PokemonDetailsVC.swift */ = {isa = PBXFileReference; fileEncoding = 4; lastKnownFileType = sourcecode.swift; path = PokemonDetailsVC.swift; sourceTree = "<group>"; };
		D5FC35201E2D641600327D0A /* Constants.swift */ = {isa = PBXFileReference; fileEncoding = 4; lastKnownFileType = sourcecode.swift; path = Constants.swift; sourceTree = "<group>"; };
		D5FC356C1E38433800327D0A /* Displayable.swift */ = {isa = PBXFileReference; fileEncoding = 4; lastKnownFileType = sourcecode.swift; path = Displayable.swift; sourceTree = "<group>"; };
		D5FC356E1E3843C900327D0A /* CollectionView+Ext.swift */ = {isa = PBXFileReference; fileEncoding = 4; lastKnownFileType = sourcecode.swift; path = "CollectionView+Ext.swift"; sourceTree = "<group>"; };
		D5FC35701E3843EE00327D0A /* MutableCollection+Ext.swift */ = {isa = PBXFileReference; fileEncoding = 4; lastKnownFileType = sourcecode.swift; path = "MutableCollection+Ext.swift"; sourceTree = "<group>"; };
		D5FEEE711E2BF18900270091 /* csv.swift */ = {isa = PBXFileReference; fileEncoding = 4; lastKnownFileType = sourcecode.swift; path = csv.swift; sourceTree = "<group>"; };
		D5FEEE771E2C0ABC00270091 /* music.png */ = {isa = PBXFileReference; lastKnownFileType = image.png; path = music.png; sourceTree = "<group>"; };
		D5FEEE791E2C0D4200270091 /* PokemonHollow.ttf */ = {isa = PBXFileReference; lastKnownFileType = file; path = PokemonHollow.ttf; sourceTree = "<group>"; };
		D5FEEE7A1E2C0D4200270091 /* PokemonSolid.ttf */ = {isa = PBXFileReference; lastKnownFileType = file; path = PokemonSolid.ttf; sourceTree = "<group>"; };
		D5FEEE7D1E2C114100270091 /* music.mp3 */ = {isa = PBXFileReference; lastKnownFileType = audio.mp3; path = music.mp3; sourceTree = "<group>"; };
/* End PBXFileReference section */

/* Begin PBXFrameworksBuildPhase section */
		D5CB187E1E27F835003FC255 /* Frameworks */ = {
			isa = PBXFrameworksBuildPhase;
			buildActionMask = 2147483647;
			files = (
				A79B7AEC0E76174C978A05DF /* Pods_PokeFacts.framework in Frameworks */,
			);
			runOnlyForDeploymentPostprocessing = 0;
		};
/* End PBXFrameworksBuildPhase section */

/* Begin PBXGroup section */
		6047A2219C6BB0814A291221 /* Pods */ = {
			isa = PBXGroup;
			children = (
				686F8D574E5232CDD006B7D3 /* Pods-PokeFacts.debug.xcconfig */,
				70A0A2D60127D38584993792 /* Pods-PokeFacts.release.xcconfig */,
			);
			name = Pods;
			sourceTree = "<group>";
		};
		D5A2A6B31E28021900E3F230 /* Controller */ = {
			isa = PBXGroup;
			children = (
				D5CB18861E27F835003FC255 /* MainVC.swift */,
				D5FBC6111E2C337100D961E7 /* PokemonDetailsVC.swift */,
			);
			name = Controller;
			sourceTree = "<group>";
		};
		D5A2A6B41E28022500E3F230 /* View */ = {
			isa = PBXGroup;
			children = (
				D5A2A6B81E28118400E3F230 /* PokeCell.swift */,
			);
			name = View;
			sourceTree = "<group>";
		};
		D5A2A6B51E28022F00E3F230 /* Model */ = {
			isa = PBXGroup;
			children = (
				D5A2A6B61E28026100E3F230 /* Pokemon.swift */,
			);
			name = Model;
			sourceTree = "<group>";
		};
		D5CB18781E27F835003FC255 = {
			isa = PBXGroup;
			children = (
				D5CB18831E27F835003FC255 /* PokeFacts */,
				D5CB18821E27F835003FC255 /* Products */,
				6047A2219C6BB0814A291221 /* Pods */,
				D749A951EB1386B8EA4EF94A /* Frameworks */,
			);
			sourceTree = "<group>";
		};
		D5CB18821E27F835003FC255 /* Products */ = {
			isa = PBXGroup;
			children = (
				D5CB18811E27F835003FC255 /* PokeFacts.app */,
			);
			name = Products;
			sourceTree = "<group>";
		};
		D5CB18831E27F835003FC255 /* PokeFacts */ = {
			isa = PBXGroup;
			children = (
				D5FC356B1E38430100327D0A /* Extensions */,
				D5FC356A1E3842F300327D0A /* Protocols */,
				D5A2A6B51E28022F00E3F230 /* Model */,
				D5A2A6B41E28022500E3F230 /* View */,
				D5A2A6B31E28021900E3F230 /* Controller */,
				D5FEEE731E2C045700270091 /* Resources */,
				D5FEEE761E2C05E700270091 /* Util */,
				D5CB18841E27F835003FC255 /* AppDelegate.swift */,
				D5CB18881E27F835003FC255 /* Main.storyboard */,
				D5CB188B1E27F835003FC255 /* Assets.xcassets */,
				D5CB188D1E27F835003FC255 /* LaunchScreen.storyboard */,
				D5CB18901E27F835003FC255 /* Info.plist */,
			);
			path = PokeFacts;
			sourceTree = "<group>";
		};
		D5FC356A1E3842F300327D0A /* Protocols */ = {
			isa = PBXGroup;
			children = (
				D5FC356C1E38433800327D0A /* Displayable.swift */,
			);
			name = Protocols;
			sourceTree = "<group>";
		};
		D5FC356B1E38430100327D0A /* Extensions */ = {
			isa = PBXGroup;
			children = (
				D5FC356E1E3843C900327D0A /* CollectionView+Ext.swift */,
				D5FC35701E3843EE00327D0A /* MutableCollection+Ext.swift */,
			);
			name = Extensions;
			sourceTree = "<group>";
		};
		D5FEEE731E2C045700270091 /* Resources */ = {
			isa = PBXGroup;
			children = (
				D53878C31E27FFB500F76275 /* pokemon.csv */,
				D5FEEE791E2C0D4200270091 /* PokemonHollow.ttf */,
				D5FEEE7A1E2C0D4200270091 /* PokemonSolid.ttf */,
				D5FEEE771E2C0ABC00270091 /* music.png */,
				D5FEEE7D1E2C114100270091 /* music.mp3 */,
			);
			name = Resources;
			sourceTree = "<group>";
		};
		D5FEEE761E2C05E700270091 /* Util */ = {
			isa = PBXGroup;
			children = (
				D5FEEE711E2BF18900270091 /* csv.swift */,
				D5FC35201E2D641600327D0A /* Constants.swift */,
			);
			name = Util;
			sourceTree = "<group>";
		};
		D749A951EB1386B8EA4EF94A /* Frameworks */ = {
			isa = PBXGroup;
			children = (
				612C154C810758222C4A2555 /* Pods_PokeFacts.framework */,
			);
			name = Frameworks;
			sourceTree = "<group>";
		};
/* End PBXGroup section */

/* Begin PBXNativeTarget section */
		D5CB18801E27F835003FC255 /* PokeFacts */ = {
			isa = PBXNativeTarget;
			buildConfigurationList = D5CB18931E27F835003FC255 /* Build configuration list for PBXNativeTarget "PokeFacts" */;
			buildPhases = (
				91BE44D13263ED0B757F0568 /* [CP] Check Pods Manifest.lock */,
				D5CB187D1E27F835003FC255 /* Sources */,
				D5CB187E1E27F835003FC255 /* Frameworks */,
				D5CB187F1E27F835003FC255 /* Resources */,
				F4AD1905D4B4AFBE3BE6471E /* [CP] Embed Pods Frameworks */,
				15940D410E62C946296C0FF6 /* [CP] Copy Pods Resources */,
			);
			buildRules = (
			);
			dependencies = (
			);
			name = PokeFacts;
			productName = PokeFacts;
			productReference = D5CB18811E27F835003FC255 /* PokeFacts.app */;
			productType = "com.apple.product-type.application";
		};
/* End PBXNativeTarget section */

/* Begin PBXProject section */
		D5CB18791E27F835003FC255 /* Project object */ = {
			isa = PBXProject;
			attributes = {
				LastSwiftUpdateCheck = 0820;
				LastUpgradeCheck = 0820;
				ORGANIZATIONNAME = Italyte;
				TargetAttributes = {
					D5CB18801E27F835003FC255 = {
						CreatedOnToolsVersion = 8.2.1;
						DevelopmentTeam = 3983Y6QL49;
						LastSwiftMigration = 0820;
						ProvisioningStyle = Automatic;
					};
				};
			};
			buildConfigurationList = D5CB187C1E27F835003FC255 /* Build configuration list for PBXProject "PokeFacts" */;
			compatibilityVersion = "Xcode 3.2";
			developmentRegion = English;
			hasScannedForEncodings = 0;
			knownRegions = (
				en,
				Base,
			);
			mainGroup = D5CB18781E27F835003FC255;
			productRefGroup = D5CB18821E27F835003FC255 /* Products */;
			projectDirPath = "";
			projectRoot = "";
			targets = (
				D5CB18801E27F835003FC255 /* PokeFacts */,
			);
		};
/* End PBXProject section */

/* Begin PBXResourcesBuildPhase section */
		D5CB187F1E27F835003FC255 /* Resources */ = {
			isa = PBXResourcesBuildPhase;
			buildActionMask = 2147483647;
			files = (
				D5FEEE7E1E2C114100270091 /* music.mp3 in Resources */,
				D5FEEE7B1E2C0D4200270091 /* PokemonHollow.ttf in Resources */,
				D5FEEE7C1E2C0D4200270091 /* PokemonSolid.ttf in Resources */,
				D5FEEE781E2C0ABC00270091 /* music.png in Resources */,
				D5CB188F1E27F835003FC255 /* LaunchScreen.storyboard in Resources */,
				D5CB188C1E27F835003FC255 /* Assets.xcassets in Resources */,
				D53878C41E27FFB500F76275 /* pokemon.csv in Resources */,
				D5CB188A1E27F835003FC255 /* Main.storyboard in Resources */,
			);
			runOnlyForDeploymentPostprocessing = 0;
		};
/* End PBXResourcesBuildPhase section */

/* Begin PBXShellScriptBuildPhase section */
		15940D410E62C946296C0FF6 /* [CP] Copy Pods Resources */ = {
			isa = PBXShellScriptBuildPhase;
			buildActionMask = 2147483647;
			files = (
			);
			inputPaths = (
			);
			name = "[CP] Copy Pods Resources";
			outputPaths = (
			);
			runOnlyForDeploymentPostprocessing = 0;
			shellPath = /bin/sh;
			shellScript = "\"${SRCROOT}/Pods/Target Support Files/Pods-PokeFacts/Pods-PokeFacts-resources.sh\"\n";
			showEnvVarsInLog = 0;
		};
		91BE44D13263ED0B757F0568 /* [CP] Check Pods Manifest.lock */ = {
			isa = PBXShellScriptBuildPhase;
			buildActionMask = 2147483647;
			files = (
			);
			inputPaths = (
			);
			name = "[CP] Check Pods Manifest.lock";
			outputPaths = (
			);
			runOnlyForDeploymentPostprocessing = 0;
			shellPath = /bin/sh;
			shellScript = "diff \"${PODS_ROOT}/../Podfile.lock\" \"${PODS_ROOT}/Manifest.lock\" > /dev/null\nif [ $? != 0 ] ; then\n    # print error to STDERR\n    echo \"error: The sandbox is not in sync with the Podfile.lock. Run 'pod install' or update your CocoaPods installation.\" >&2\n    exit 1\nfi\n";
			showEnvVarsInLog = 0;
		};
		F4AD1905D4B4AFBE3BE6471E /* [CP] Embed Pods Frameworks */ = {
			isa = PBXShellScriptBuildPhase;
			buildActionMask = 2147483647;
			files = (
			);
			inputPaths = (
			);
			name = "[CP] Embed Pods Frameworks";
			outputPaths = (
			);
			runOnlyForDeploymentPostprocessing = 0;
			shellPath = /bin/sh;
			shellScript = "\"${SRCROOT}/Pods/Target Support Files/Pods-PokeFacts/Pods-PokeFacts-frameworks.sh\"\n";
			showEnvVarsInLog = 0;
		};
/* End PBXShellScriptBuildPhase section */

/* Begin PBXSourcesBuildPhase section */
		D5CB187D1E27F835003FC255 /* Sources */ = {
			isa = PBXSourcesBuildPhase;
			buildActionMask = 2147483647;
			files = (
				D5A2A6B91E28118400E3F230 /* PokeCell.swift in Sources */,
				D5FBC6121E2C337100D961E7 /* PokemonDetailsVC.swift in Sources */,
				D5CB18871E27F835003FC255 /* MainVC.swift in Sources */,
				D5CB18851E27F835003FC255 /* AppDelegate.swift in Sources */,
				D5FC35711E3843EE00327D0A /* MutableCollection+Ext.swift in Sources */,
				D5FC35211E2D641600327D0A /* Constants.swift in Sources */,
				D5A2A6B71E28026100E3F230 /* Pokemon.swift in Sources */,
				D5FC356D1E38433800327D0A /* Displayable.swift in Sources */,
				D5FC356F1E3843C900327D0A /* CollectionView+Ext.swift in Sources */,
				D5FEEE721E2BF18900270091 /* csv.swift in Sources */,
			);
			runOnlyForDeploymentPostprocessing = 0;
		};
/* End PBXSourcesBuildPhase section */

/* Begin PBXVariantGroup section */
		D5CB18881E27F835003FC255 /* Main.storyboard */ = {
			isa = PBXVariantGroup;
			children = (
				D5CB18891E27F835003FC255 /* Base */,
			);
			name = Main.storyboard;
			sourceTree = "<group>";
		};
		D5CB188D1E27F835003FC255 /* LaunchScreen.storyboard */ = {
			isa = PBXVariantGroup;
			children = (
				D5CB188E1E27F835003FC255 /* Base */,
			);
			name = LaunchScreen.storyboard;
			sourceTree = "<group>";
		};
/* End PBXVariantGroup section */

/* Begin XCBuildConfiguration section */
		D5CB18911E27F835003FC255 /* Debug */ = {
			isa = XCBuildConfiguration;
			buildSettings = {
				ALWAYS_SEARCH_USER_PATHS = NO;
				CLANG_ANALYZER_NONNULL = YES;
				CLANG_CXX_LANGUAGE_STANDARD = "gnu++0x";
				CLANG_CXX_LIBRARY = "libc++";
				CLANG_ENABLE_MODULES = YES;
				CLANG_ENABLE_OBJC_ARC = YES;
				CLANG_WARN_BOOL_CONVERSION = YES;
				CLANG_WARN_CONSTANT_CONVERSION = YES;
				CLANG_WARN_DIRECT_OBJC_ISA_USAGE = YES_ERROR;
				CLANG_WARN_DOCUMENTATION_COMMENTS = YES;
				CLANG_WARN_EMPTY_BODY = YES;
				CLANG_WARN_ENUM_CONVERSION = YES;
				CLANG_WARN_INFINITE_RECURSION = YES;
				CLANG_WARN_INT_CONVERSION = YES;
				CLANG_WARN_OBJC_ROOT_CLASS = YES_ERROR;
				CLANG_WARN_SUSPICIOUS_MOVE = YES;
				CLANG_WARN_UNREACHABLE_CODE = YES;
				CLANG_WARN__DUPLICATE_METHOD_MATCH = YES;
				"CODE_SIGN_IDENTITY[sdk=iphoneos*]" = "iPhone Developer";
				COPY_PHASE_STRIP = NO;
				DEBUG_INFORMATION_FORMAT = dwarf;
				ENABLE_STRICT_OBJC_MSGSEND = YES;
				ENABLE_TESTABILITY = YES;
				GCC_C_LANGUAGE_STANDARD = gnu99;
				GCC_DYNAMIC_NO_PIC = NO;
				GCC_NO_COMMON_BLOCKS = YES;
				GCC_OPTIMIZATION_LEVEL = 0;
				GCC_PREPROCESSOR_DEFINITIONS = (
					"DEBUG=1",
					"$(inherited)",
				);
				GCC_WARN_64_TO_32_BIT_CONVERSION = YES;
				GCC_WARN_ABOUT_RETURN_TYPE = YES_ERROR;
				GCC_WARN_UNDECLARED_SELECTOR = YES;
				GCC_WARN_UNINITIALIZED_AUTOS = YES_AGGRESSIVE;
				GCC_WARN_UNUSED_FUNCTION = YES;
				GCC_WARN_UNUSED_VARIABLE = YES;
				IPHONEOS_DEPLOYMENT_TARGET = 10.2;
				MTL_ENABLE_DEBUG_INFO = YES;
				ONLY_ACTIVE_ARCH = YES;
				SDKROOT = iphoneos;
				SWIFT_ACTIVE_COMPILATION_CONDITIONS = DEBUG;
				SWIFT_OPTIMIZATION_LEVEL = "-Onone";
				TARGETED_DEVICE_FAMILY = "1,2";
			};
			name = Debug;
		};
		D5CB18921E27F835003FC255 /* Release */ = {
			isa = XCBuildConfiguration;
			buildSettings = {
				ALWAYS_SEARCH_USER_PATHS = NO;
				CLANG_ANALYZER_NONNULL = YES;
				CLANG_CXX_LANGUAGE_STANDARD = "gnu++0x";
				CLANG_CXX_LIBRARY = "libc++";
				CLANG_ENABLE_MODULES = YES;
				CLANG_ENABLE_OBJC_ARC = YES;
				CLANG_WARN_BOOL_CONVERSION = YES;
				CLANG_WARN_CONSTANT_CONVERSION = YES;
				CLANG_WARN_DIRECT_OBJC_ISA_USAGE = YES_ERROR;
				CLANG_WARN_DOCUMENTATION_COMMENTS = YES;
				CLANG_WARN_EMPTY_BODY = YES;
				CLANG_WARN_ENUM_CONVERSION = YES;
				CLANG_WARN_INFINITE_RECURSION = YES;
				CLANG_WARN_INT_CONVERSION = YES;
				CLANG_WARN_OBJC_ROOT_CLASS = YES_ERROR;
				CLANG_WARN_SUSPICIOUS_MOVE = YES;
				CLANG_WARN_UNREACHABLE_CODE = YES;
				CLANG_WARN__DUPLICATE_METHOD_MATCH = YES;
				"CODE_SIGN_IDENTITY[sdk=iphoneos*]" = "iPhone Developer";
				COPY_PHASE_STRIP = NO;
				DEBUG_INFORMATION_FORMAT = "dwarf-with-dsym";
				ENABLE_NS_ASSERTIONS = NO;
				ENABLE_STRICT_OBJC_MSGSEND = YES;
				GCC_C_LANGUAGE_STANDARD = gnu99;
				GCC_NO_COMMON_BLOCKS = YES;
				GCC_WARN_64_TO_32_BIT_CONVERSION = YES;
				GCC_WARN_ABOUT_RETURN_TYPE = YES_ERROR;
				GCC_WARN_UNDECLARED_SELECTOR = YES;
				GCC_WARN_UNINITIALIZED_AUTOS = YES_AGGRESSIVE;
				GCC_WARN_UNUSED_FUNCTION = YES;
				GCC_WARN_UNUSED_VARIABLE = YES;
				IPHONEOS_DEPLOYMENT_TARGET = 10.2;
				MTL_ENABLE_DEBUG_INFO = NO;
				SDKROOT = iphoneos;
				SWIFT_OPTIMIZATION_LEVEL = "-Owholemodule";
				TARGETED_DEVICE_FAMILY = "1,2";
				VALIDATE_PRODUCT = YES;
			};
			name = Release;
		};
		D5CB18941E27F835003FC255 /* Debug */ = {
			isa = XCBuildConfiguration;
			baseConfigurationReference = 686F8D574E5232CDD006B7D3 /* Pods-PokeFacts.debug.xcconfig */;
			buildSettings = {
				ASSETCATALOG_COMPILER_APPICON_NAME = AppIcon;
				DEVELOPMENT_TEAM = 3983Y6QL49;
				INFOPLIST_FILE = PokeFacts/Info.plist;
				LD_RUNPATH_SEARCH_PATHS = "$(inherited) @executable_path/Frameworks";
				PRODUCT_BUNDLE_IDENTIFIER = com.Italyte.PokeFacts;
				PRODUCT_NAME = "$(TARGET_NAME)";
				SWIFT_VERSION = 3.0;
			};
			name = Debug;
		};
		D5CB18951E27F835003FC255 /* Release */ = {
			isa = XCBuildConfiguration;
			baseConfigurationReference = 70A0A2D60127D38584993792 /* Pods-PokeFacts.release.xcconfig */;
			buildSettings = {
				ASSETCATALOG_COMPILER_APPICON_NAME = AppIcon;
				DEVELOPMENT_TEAM = 3983Y6QL49;
				INFOPLIST_FILE = PokeFacts/Info.plist;
				LD_RUNPATH_SEARCH_PATHS = "$(inherited) @executable_path/Frameworks";
				PRODUCT_BUNDLE_IDENTIFIER = com.Italyte.PokeFacts;
				PRODUCT_NAME = "$(TARGET_NAME)";
				SWIFT_VERSION = 3.0;
			};
			name = Release;
		};
/* End XCBuildConfiguration section */

/* Begin XCConfigurationList section */
		D5CB187C1E27F835003FC255 /* Build configuration list for PBXProject "PokeFacts" */ = {
			isa = XCConfigurationList;
			buildConfigurations = (
				D5CB18911E27F835003FC255 /* Debug */,
				D5CB18921E27F835003FC255 /* Release */,
			);
			defaultConfigurationIsVisible = 0;
			defaultConfigurationName = Release;
		};
		D5CB18931E27F835003FC255 /* Build configuration list for PBXNativeTarget "PokeFacts" */ = {
			isa = XCConfigurationList;
			buildConfigurations = (
				D5CB18941E27F835003FC255 /* Debug */,
				D5CB18951E27F835003FC255 /* Release */,
			);
			defaultConfigurationIsVisible = 0;
			defaultConfigurationName = Release;
		};
/* End XCConfigurationList section */
	};
	rootObject = D5CB18791E27F835003FC255 /* Project object */;
}
