// !$*UTF8*$!
{
	archiveVersion = 1;
	classes = {
	};
	objectVersion = 46;
	objects = {

/* Begin PBXBuildFile section */
		D53878C41E27FFB500F76275 /* pokemon.csv in Resources */ = {isa = PBXBuildFile; fileRef = D53878C31E27FFB500F76275 /* pokemon.csv */; };
		D5CB18851E27F835003FC255 /* AppDelegate.swift in Sources */ = {isa = PBXBuildFile; fileRef = D5CB18841E27F835003FC255 /* AppDelegate.swift */; };
		D5CB18871E27F835003FC255 /* ViewController.swift in Sources */ = {isa = PBXBuildFile; fileRef = D5CB18861E27F835003FC255 /* ViewController.swift */; };
		D5CB188A1E27F835003FC255 /* Main.storyboard in Resources */ = {isa = PBXBuildFile; fileRef = D5CB18881E27F835003FC255 /* Main.storyboard */; };
		D5CB188C1E27F835003FC255 /* Assets.xcassets in Resources */ = {isa = PBXBuildFile; fileRef = D5CB188B1E27F835003FC255 /* Assets.xcassets */; };
		D5CB188F1E27F835003FC255 /* LaunchScreen.storyboard in Resources */ = {isa = PBXBuildFile; fileRef = D5CB188D1E27F835003FC255 /* LaunchScreen.storyboard */; };
/* End PBXBuildFile section */

/* Begin PBXFileReference section */
		D53878C31E27FFB500F76275 /* pokemon.csv */ = {isa = PBXFileReference; fileEncoding = 4; lastKnownFileType = text; path = pokemon.csv; sourceTree = "<group>"; };
		D5CB18811E27F835003FC255 /* PokeFacts.app */ = {isa = PBXFileReference; explicitFileType = wrapper.application; includeInIndex = 0; path = PokeFacts.app; sourceTree = BUILT_PRODUCTS_DIR; };
		D5CB18841E27F835003FC255 /* AppDelegate.swift */ = {isa = PBXFileReference; lastKnownFileType = sourcecode.swift; path = AppDelegate.swift; sourceTree = "<group>"; };
		D5CB18861E27F835003FC255 /* ViewController.swift */ = {isa = PBXFileReference; lastKnownFileType = sourcecode.swift; path = ViewController.swift; sourceTree = "<group>"; };
		D5CB18891E27F835003FC255 /* Base */ = {isa = PBXFileReference; lastKnownFileType = file.storyboard; name = Base; path = Base.lproj/Main.storyboard; sourceTree = "<group>"; };
		D5CB188B1E27F835003FC255 /* Assets.xcassets */ = {isa = PBXFileReference; lastKnownFileType = folder.assetcatalog; path = Assets.xcassets; sourceTree = "<group>"; };
		D5CB188E1E27F835003FC255 /* Base */ = {isa = PBXFileReference; lastKnownFileType = file.storyboard; name = Base; path = Base.lproj/LaunchScreen.storyboard; sourceTree = "<group>"; };
		D5CB18901E27F835003FC255 /* Info.plist */ = {isa = PBXFileReference; lastKnownFileType = text.plist.xml; path = Info.plist; sourceTree = "<group>"; };
/* End PBXFileReference section */

/* Begin PBXFrameworksBuildPhase section */
		D5CB187E1E27F835003FC255 /* Frameworks */ = {
			isa = PBXFrameworksBuildPhase;
			buildActionMask = 2147483647;
			files = (
			);
			runOnlyForDeploymentPostprocessing = 0;
		};
/* End PBXFrameworksBuildPhase section */

/* Begin PBXGroup section */
		D5CB18781E27F835003FC255 = {
			isa = PBXGroup;
			children = (
				D5CB18831E27F835003FC255 /* PokeFacts */,
				D5CB18821E27F835003FC255 /* Products */,
			);
			sourceTree = "<group>";
		};
		D5CB18821E27F835003FC255 /* Products */ = {
			isa = PBXGroup;
			children = (
				D5CB18811E27F835003FC255 /* PokeFacts.app */,
			);
			name = Products;
			sourceTree = "<group>";
		};
		D5CB18831E27F835003FC255 /* PokeFacts */ = {
			isa = PBXGroup;
			children = (
				D5CB18841E27F835003FC255 /* AppDelegate.swift */,
				D5CB18861E27F835003FC255 /* ViewController.swift */,
				D5CB18881E27F835003FC255 /* Main.storyboard */,
				D5CB188B1E27F835003FC255 /* Assets.xcassets */,
				D53878C31E27FFB500F76275 /* pokemon.csv */,
				D5CB188D1E27F835003FC255 /* LaunchScreen.storyboard */,
				D5CB18901E27F835003FC255 /* Info.plist */,
			);
			path = PokeFacts;
			sourceTree = "<group>";
		};
/* End PBXGroup section */

/* Begin PBXNativeTarget section */
		D5CB18801E27F835003FC255 /* PokeFacts */ = {
			isa = PBXNativeTarget;
			buildConfigurationList = D5CB18931E27F835003FC255 /* Build configuration list for PBXNativeTarget "PokeFacts" */;
			buildPhases = (
				D5CB187D1E27F835003FC255 /* Sources */,
				D5CB187E1E27F835003FC255 /* Frameworks */,
				D5CB187F1E27F835003FC255 /* Resources */,
			);
			buildRules = (
			);
			dependencies = (
			);
			name = PokeFacts;
			productName = PokeFacts;
			productReference = D5CB18811E27F835003FC255 /* PokeFacts.app */;
			productType = "com.apple.product-type.application";
		};
/* End PBXNativeTarget section */

/* Begin PBXProject section */
		D5CB18791E27F835003FC255 /* Project object */ = {
			isa = PBXProject;
			attributes = {
				LastSwiftUpdateCheck = 0820;
				LastUpgradeCheck = 0820;
				ORGANIZATIONNAME = Italyte;
				TargetAttributes = {
					D5CB18801E27F835003FC255 = {
						CreatedOnToolsVersion = 8.2.1;
						DevelopmentTeam = 3983Y6QL49;
						ProvisioningStyle = Automatic;
					};
				};
			};
			buildConfigurationList = D5CB187C1E27F835003FC255 /* Build configuration list for PBXProject "PokeFacts" */;
			compatibilityVersion = "Xcode 3.2";
			developmentRegion = English;
			hasScannedForEncodings = 0;
			knownRegions = (
				en,
				Base,
			);
			mainGroup = D5CB18781E27F835003FC255;
			productRefGroup = D5CB18821E27F835003FC255 /* Products */;
			projectDirPath = "";
			projectRoot = "";
			targets = (
				D5CB18801E27F835003FC255 /* PokeFacts */,
			);
		};
/* End PBXProject section */

/* Begin PBXResourcesBuildPhase section */
		D5CB187F1E27F835003FC255 /* Resources */ = {
			isa = PBXResourcesBuildPhase;
			buildActionMask = 2147483647;
			files = (
				D5CB188F1E27F835003FC255 /* LaunchScreen.storyboard in Resources */,
				D5CB188C1E27F835003FC255 /* Assets.xcassets in Resources */,
				D53878C41E27FFB500F76275 /* pokemon.csv in Resources */,
				D5CB188A1E27F835003FC255 /* Main.storyboard in Resources */,
			);
			runOnlyForDeploymentPostprocessing = 0;
		};
/* End PBXResourcesBuildPhase section */

/* Begin PBXSourcesBuildPhase section */
		D5CB187D1E27F835003FC255 /* Sources */ = {
			isa = PBXSourcesBuildPhase;
			buildActionMask = 2147483647;
			files = (
				D5CB18871E27F835003FC255 /* ViewController.swift in Sources */,
				D5CB18851E27F835003FC255 /* AppDelegate.swift in Sources */,
			);
			runOnlyForDeploymentPostprocessing = 0;
		};
/* End PBXSourcesBuildPhase section */

/* Begin PBXVariantGroup section */
		D5CB18881E27F835003FC255 /* Main.storyboard */ = {
			isa = PBXVariantGroup;
			children = (
				D5CB18891E27F835003FC255 /* Base */,
			);
			name = Main.storyboard;
			sourceTree = "<group>";
		};
		D5CB188D1E27F835003FC255 /* LaunchScreen.storyboard */ = {
			isa = PBXVariantGroup;
			children = (
				D5CB188E1E27F835003FC255 /* Base */,
			);
			name = LaunchScreen.storyboard;
			sourceTree = "<group>";
		};
/* End PBXVariantGroup section */

/* Begin XCBuildConfiguration section */
		D5CB18911E27F835003FC255 /* Debug */ = {
			isa = XCBuildConfiguration;
			buildSettings = {
				ALWAYS_SEARCH_USER_PATHS = NO;
				CLANG_ANALYZER_NONNULL = YES;
				CLANG_CXX_LANGUAGE_STANDARD = "gnu++0x";
				CLANG_CXX_LIBRARY = "libc++";
				CLANG_ENABLE_MODULES = YES;
				CLANG_ENABLE_OBJC_ARC = YES;
				CLANG_WARN_BOOL_CONVERSION = YES;
				CLANG_WARN_CONSTANT_CONVERSION = YES;
				CLANG_WARN_DIRECT_OBJC_ISA_USAGE = YES_ERROR;
				CLANG_WARN_DOCUMENTATION_COMMENTS = YES;
				CLANG_WARN_EMPTY_BODY = YES;
				CLANG_WARN_ENUM_CONVERSION = YES;
				CLANG_WARN_INFINITE_RECURSION = YES;
				CLANG_WARN_INT_CONVERSION = YES;
				CLANG_WARN_OBJC_ROOT_CLASS = YES_ERROR;
				CLANG_WARN_SUSPICIOUS_MOVE = YES;
				CLANG_WARN_UNREACHABLE_CODE = YES;
				CLANG_WARN__DUPLICATE_METHOD_MATCH = YES;
				"CODE_SIGN_IDENTITY[sdk=iphoneos*]" = "iPhone Developer";
				COPY_PHASE_STRIP = NO;
				DEBUG_INFORMATION_FORMAT = dwarf;
				ENABLE_STRICT_OBJC_MSGSEND = YES;
				ENABLE_TESTABILITY = YES;
				GCC_C_LANGUAGE_STANDARD = gnu99;
				GCC_DYNAMIC_NO_PIC = NO;
				GCC_NO_COMMON_BLOCKS = YES;
				GCC_OPTIMIZATION_LEVEL = 0;
				GCC_PREPROCESSOR_DEFINITIONS = (
					"DEBUG=1",
					"$(inherited)",
				);
				GCC_WARN_64_TO_32_BIT_CONVERSION = YES;
				GCC_WARN_ABOUT_RETURN_TYPE = YES_ERROR;
				GCC_WARN_UNDECLARED_SELECTOR = YES;
				GCC_WARN_UNINITIALIZED_AUTOS = YES_AGGRESSIVE;
				GCC_WARN_UNUSED_FUNCTION = YES;
				GCC_WARN_UNUSED_VARIABLE = YES;
				IPHONEOS_DEPLOYMENT_TARGET = 10.2;
				MTL_ENABLE_DEBUG_INFO = YES;
				ONLY_ACTIVE_ARCH = YES;
				SDKROOT = iphoneos;
				SWIFT_ACTIVE_COMPILATION_CONDITIONS = DEBUG;
				SWIFT_OPTIMIZATION_LEVEL = "-Onone";
				TARGETED_DEVICE_FAMILY = "1,2";
			};
			name = Debug;
		};
		D5CB18921E27F835003FC255 /* Release */ = {
			isa = XCBuildConfiguration;
			buildSettings = {
				ALWAYS_SEARCH_USER_PATHS = NO;
				CLANG_ANALYZER_NONNULL = YES;
				CLANG_CXX_LANGUAGE_STANDARD = "gnu++0x";
				CLANG_CXX_LIBRARY = "libc++";
				CLANG_ENABLE_MODULES = YES;
				CLANG_ENABLE_OBJC_ARC = YES;
				CLANG_WARN_BOOL_CONVERSION = YES;
				CLANG_WARN_CONSTANT_CONVERSION = YES;
				CLANG_WARN_DIRECT_OBJC_ISA_USAGE = YES_ERROR;
				CLANG_WARN_DOCUMENTATION_COMMENTS = YES;
				CLANG_WARN_EMPTY_BODY = YES;
				CLANG_WARN_ENUM_CONVERSION = YES;
				CLANG_WARN_INFINITE_RECURSION = YES;
				CLANG_WARN_INT_CONVERSION = YES;
				CLANG_WARN_OBJC_ROOT_CLASS = YES_ERROR;
				CLANG_WARN_SUSPICIOUS_MOVE = YES;
				CLANG_WARN_UNREACHABLE_CODE = YES;
				CLANG_WARN__DUPLICATE_METHOD_MATCH = YES;
				"CODE_SIGN_IDENTITY[sdk=iphoneos*]" = "iPhone Developer";
				COPY_PHASE_STRIP = NO;
				DEBUG_INFORMATION_FORMAT = "dwarf-with-dsym";
				ENABLE_NS_ASSERTIONS = NO;
				ENABLE_STRICT_OBJC_MSGSEND = YES;
				GCC_C_LANGUAGE_STANDARD = gnu99;
				GCC_NO_COMMON_BLOCKS = YES;
				GCC_WARN_64_TO_32_BIT_CONVERSION = YES;
				GCC_WARN_ABOUT_RETURN_TYPE = YES_ERROR;
				GCC_WARN_UNDECLARED_SELECTOR = YES;
				GCC_WARN_UNINITIALIZED_AUTOS = YES_AGGRESSIVE;
				GCC_WARN_UNUSED_FUNCTION = YES;
				GCC_WARN_UNUSED_VARIABLE = YES;
				IPHONEOS_DEPLOYMENT_TARGET = 10.2;
				MTL_ENABLE_DEBUG_INFO = NO;
				SDKROOT = iphoneos;
				SWIFT_OPTIMIZATION_LEVEL = "-Owholemodule";
				TARGETED_DEVICE_FAMILY = "1,2";
				VALIDATE_PRODUCT = YES;
			};
			name = Release;
		};
		D5CB18941E27F835003FC255 /* Debug */ = {
			isa = XCBuildConfiguration;
			buildSettings = {
				ASSETCATALOG_COMPILER_APPICON_NAME = AppIcon;
				DEVELOPMENT_TEAM = 3983Y6QL49;
				INFOPLIST_FILE = PokeFacts/Info.plist;
				LD_RUNPATH_SEARCH_PATHS = "$(inherited) @executable_path/Frameworks";
				PRODUCT_BUNDLE_IDENTIFIER = com.Italyte.PokeFacts;
				PRODUCT_NAME = "$(TARGET_NAME)";
				SWIFT_VERSION = 3.0;
			};
			name = Debug;
		};
		D5CB18951E27F835003FC255 /* Release */ = {
			isa = XCBuildConfiguration;
			buildSettings = {
				ASSETCATALOG_COMPILER_APPICON_NAME = AppIcon;
				DEVELOPMENT_TEAM = 3983Y6QL49;
				INFOPLIST_FILE = PokeFacts/Info.plist;
				LD_RUNPATH_SEARCH_PATHS = "$(inherited) @executable_path/Frameworks";
				PRODUCT_BUNDLE_IDENTIFIER = com.Italyte.PokeFacts;
				PRODUCT_NAME = "$(TARGET_NAME)";
				SWIFT_VERSION = 3.0;
			};
			name = Release;
		};
/* End XCBuildConfiguration section */

/* Begin XCConfigurationList section */
		D5CB187C1E27F835003FC255 /* Build configuration list for PBXProject "PokeFacts" */ = {
			isa = XCConfigurationList;
			buildConfigurations = (
				D5CB18911E27F835003FC255 /* Debug */,
				D5CB18921E27F835003FC255 /* Release */,
			);
			defaultConfigurationIsVisible = 0;
			defaultConfigurationName = Release;
		};
		D5CB18931E27F835003FC255 /* Build configuration list for PBXNativeTarget "PokeFacts" */ = {
			isa = XCConfigurationList;
			buildConfigurations = (
				D5CB18941E27F835003FC255 /* Debug */,
				D5CB18951E27F835003FC255 /* Release */,
			);
			defaultConfigurationIsVisible = 0;
			defaultConfigurationName = Release;
		};
/* End XCConfigurationList section */
	};
	rootObject = D5CB18791E27F835003FC255 /* Project object */;
}
